
Microsoft Visual Studio Solution File, Format Version 12.00
# Visual Studio 15
VisualStudioVersion = 15.0.28010.2046
MinimumVisualStudioVersion = 10.0.40219.1
Project("{FAE04EC0-301F-11D3-BF4B-00C04F79EFBC}") = "ScriptureJournalAlexNielson", "ScriptureJournal-AlexNielson\ScriptureJournalAlexNielson.csproj", "{4B46446E-7902-4FAC-87CF-A027CD430D03}"
EndProject
Global
	GlobalSection(SolutionConfigurationPlatforms) = preSolution
		Debug|Any CPU = Debug|Any CPU
		Release|Any CPU = Release|Any CPU
	EndGlobalSection
	GlobalSection(ProjectConfigurationPlatforms) = postSolution
		{4B46446E-7902-4FAC-87CF-A027CD430D03}.Debug|Any CPU.ActiveCfg = Debug|Any CPU
		{4B46446E-7902-4FAC-87CF-A027CD430D03}.Debug|Any CPU.Build.0 = Debug|Any CPU
		{4B46446E-7902-4FAC-87CF-A027CD430D03}.Release|Any CPU.ActiveCfg = Release|Any CPU
		{4B46446E-7902-4FAC-87CF-A027CD430D03}.Release|Any CPU.Build.0 = Release|Any CPU
	EndGlobalSection
	GlobalSection(SolutionProperties) = preSolution
		HideSolutionNode = FALSE
	EndGlobalSection
	GlobalSection(ExtensibilityGlobals) = postSolution
		SolutionGuid = {3B04AB15-C479-4A1F-B597-540EA5353558}
	EndGlobalSection
EndGlobal
